
Microsoft Visual Studio Solution File, Format Version 12.00
# Visual Studio 15
VisualStudioVersion = 15.0.28307.1259
MinimumVisualStudioVersion = 10.0.40219.1
Project("{FAE04EC0-301F-11D3-BF4B-00C04F79EFBC}") = "DivisibilityApplication", "DivisibilityApplication\DivisibilityApplication.csproj", "{E5C671C0-1C17-486C-B668-2058DF52948E}"
EndProject
Global
	GlobalSection(SolutionConfigurationPlatforms) = preSolution
		Debug|Any CPU = Debug|Any CPU
		Release|Any CPU = Release|Any CPU
	EndGlobalSection
	GlobalSection(ProjectConfigurationPlatforms) = postSolution
		{E5C671C0-1C17-486C-B668-2058DF52948E}.Debug|Any CPU.ActiveCfg = Debug|Any CPU
		{E5C671C0-1C17-486C-B668-2058DF52948E}.Debug|Any CPU.Build.0 = Debug|Any CPU
		{E5C671C0-1C17-486C-B668-2058DF52948E}.Release|Any CPU.ActiveCfg = Release|Any CPU
		{E5C671C0-1C17-486C-B668-2058DF52948E}.Release|Any CPU.Build.0 = Release|Any CPU
	EndGlobalSection
	GlobalSection(SolutionProperties) = preSolution
		HideSolutionNode = FALSE
	EndGlobalSection
	GlobalSection(ExtensibilityGlobals) = postSolution
		SolutionGuid = {F0C3D835-0C42-4E25-A28A-CAAEB4AC3E55}
	EndGlobalSection
EndGlobal
